
Microsoft Visual Studio Solution File, Format Version 12.00
# Visual Studio Version 17
VisualStudioVersion = 17.3.32611.2
MinimumVisualStudioVersion = 10.0.40219.1
Project("{9A19103F-16F7-4668-BE54-9A1E7A4F7556}") = "BismillahSealConsultant", "BismillahSealConsultant\BismillahSealConsultant.csproj", "{366AA1FE-C535-493F-9BA3-857D8288A06F}"
EndProject
Global
	GlobalSection(SolutionConfigurationPlatforms) = preSolution
		Debug|Any CPU = Debug|Any CPU
		Release|Any CPU = Release|Any CPU
	EndGlobalSection
	GlobalSection(ProjectConfigurationPlatforms) = postSolution
		{366AA1FE-C535-493F-9BA3-857D8288A06F}.Debug|Any CPU.ActiveCfg = Debug|Any CPU
		{366AA1FE-C535-493F-9BA3-857D8288A06F}.Debug|Any CPU.Build.0 = Debug|Any CPU
		{366AA1FE-C535-493F-9BA3-857D8288A06F}.Release|Any CPU.ActiveCfg = Release|Any CPU
		{366AA1FE-C535-493F-9BA3-857D8288A06F}.Release|Any CPU.Build.0 = Release|Any CPU
	EndGlobalSection
	GlobalSection(SolutionProperties) = preSolution
		HideSolutionNode = FALSE
	EndGlobalSection
	GlobalSection(ExtensibilityGlobals) = postSolution
		SolutionGuid = {DD3DD8EB-33BE-4DFA-B024-EEE00D5B1935}
	EndGlobalSection
EndGlobal
